{
  "name": "test",
  "version": "0.0.7-alpha.0",
  "lockfileVersion": 1,
  "requires": true,
  "dependencies": {
    "@hkx/core": {
      "version": "0.0.6",
      "resolved": "https://registry.npmjs.org/@hkx/core/-/core-0.0.6.tgz",
      "integrity": "sha512-Riqr4okI4kQDDa88pkLO11KEb5euWTL5kh3+w29k/9jsvaMvDYMP1vKGGO3fwj+TH3oJCHc9rQttDGcJNZ62XQ==",
      "dev": true
    },
    "@hkx/utils": {
      "version": "0.0.6",
      "resolved": "https://registry.npmjs.org/@hkx/utils/-/utils-0.0.6.tgz",
      "integrity": "sha512-+DKrI64DHN1tg4HlpDIbVJJQw1cZOF+owgjKnfUtWCFnxip/zQjgw/Mk3leW7bhRElvRvkNwCGtHjIUDAmKSfQ==",
      "dev": true
    }
  }
}
